<Solution>
  <Folder Name="/Solution Items/">
    <File Path="data/new-version-data.json" />
    <File Path="data/sample-seed-data.json" />
    <File Path="README.md" />
  </Folder>
  <Project Path="src/MCPRegistry/MCPRegistry.csproj" />
  <Project Path="src/MCPRegistryDatabase/MCPRegistryDatabase.sqlproj" />
</Solution>
